
Microsoft Visual Studio Solution File, Format Version 12.00
# Visual Studio Version 17
VisualStudioVersion = 17.4.33403.182
MinimumVisualStudioVersion = 10.0.40219.1
Project("{9A19103F-16F7-4668-BE54-9A1E7A4F7556}") = "ToolsQuality", "ToolsQuality.csproj", "{947F0C2C-A098-4947-90CA-6D81373E8E0D}"
EndProject
Global
	GlobalSection(SolutionConfigurationPlatforms) = preSolution
		Debug|Any CPU = Debug|Any CPU
		Release|Any CPU = Release|Any CPU
	EndGlobalSection
	GlobalSection(ProjectConfigurationPlatforms) = postSolution
		{947F0C2C-A098-4947-90CA-6D81373E8E0D}.Debug|Any CPU.ActiveCfg = Debug|Any CPU
		{947F0C2C-A098-4947-90CA-6D81373E8E0D}.Debug|Any CPU.Build.0 = Debug|Any CPU
		{947F0C2C-A098-4947-90CA-6D81373E8E0D}.Release|Any CPU.ActiveCfg = Release|Any CPU
		{947F0C2C-A098-4947-90CA-6D81373E8E0D}.Release|Any CPU.Build.0 = Release|Any CPU
	EndGlobalSection
	GlobalSection(SolutionProperties) = preSolution
		HideSolutionNode = FALSE
	EndGlobalSection
	GlobalSection(ExtensibilityGlobals) = postSolution
		SolutionGuid = {CED2AB2C-E92E-42E0-B4FD-62F51E2387AF}
	EndGlobalSection
EndGlobal
